github.com/tetsuzawa/go-dxx v0.1.1 h1:FlOBh/DDpVza9BI5urYbhBrmktzKb4oia3QL5UIKjMY=
github.com/tetsuzawa/go-dxx/dxx v0.0.0-20201103024326-3492fd6c05f1 h1:dQr6zwva9PJBB6YoqqA16Ikwu09hidTCLayt0uGrT7s=
github.com/tetsuzawa/go-dxx/dxx v0.0.0-20201103024326-3492fd6c05f1/go.mod h1:Gk1DU5T9OuBn/aIuhSVbG6PmRTSitVnmM24glA783nI=
golang.org/x/sys v0.0.0-20200413165638-669c56c373c4/go.mod h1:h1NjWce9XRLGQEsW7wpKNCjG9DtNlClVuFLEZdDNbEs=
